
Microsoft Visual Studio Solution File, Format Version 12.00
# Visual Studio Version 16
VisualStudioVersion = 25.0.1703.2
MinimumVisualStudioVersion = 10.0.40219.1
Project("{FAE04EC0-301F-11D3-BF4B-00C04F79EFBC}") = "Number", "Number\Number.csproj", "{CDD05434-E018-455A-950B-5D1981A9373B}"
EndProject
Global
	GlobalSection(SolutionConfigurationPlatforms) = preSolution
		Debug|Any CPU = Debug|Any CPU
		Release|Any CPU = Release|Any CPU
	EndGlobalSection
	GlobalSection(ProjectConfigurationPlatforms) = postSolution
		{CDD05434-E018-455A-950B-5D1981A9373B}.Debug|Any CPU.ActiveCfg = Debug|Any CPU
		{CDD05434-E018-455A-950B-5D1981A9373B}.Debug|Any CPU.Build.0 = Debug|Any CPU
		{CDD05434-E018-455A-950B-5D1981A9373B}.Release|Any CPU.ActiveCfg = Release|Any CPU
		{CDD05434-E018-455A-950B-5D1981A9373B}.Release|Any CPU.Build.0 = Release|Any CPU
	EndGlobalSection
	GlobalSection(SolutionProperties) = preSolution
		HideSolutionNode = FALSE
	EndGlobalSection
	GlobalSection(ExtensibilityGlobals) = postSolution
		SolutionGuid = {623355E9-CAA4-45EA-AA31-D904DF3B01DD}
	EndGlobalSection
EndGlobal
